# This file is generated by running "yarn install" inside your project.
# Manual changes might be lost - proceed with caution!

__metadata:
  version: 8
  cacheKey: 10c0

"@omnicajs/icons@workspace:.":
  version: 0.0.0-use.local
  resolution: "@omnicajs/icons@workspace:."
  languageName: unknown
  linkType: soft
